version: "3.3"
# A Docker Compose file for configuration of the development environment

services:
  red:
    image: codegazers/colors:1.5
    environment:
      - COLOR=red
    deploy:
     replicas: 3
     labels:
        com.docker.lb.hosts: red.example.com
        com.docker.lb.network: colors
        com.docker.lb.port: 3000
    networks:
      - colors


  blue:
    image: codegazers/colors:1.5
    environment:
      - COLOR=blue
    deploy:
     replicas: 3
     labels:
        com.docker.lb.hosts: blue.example.com
        com.docker.lb.network: colors
        com.docker.lb.port: 3000
    networks:
      - colors

networks:
  colors:
